
Microsoft Visual Studio Solution File, Format Version 12.00
# Visual Studio Version 16
VisualStudioVersion = 16.0.31105.61
MinimumVisualStudioVersion = 10.0.40219.1
Project("{9A19103F-16F7-4668-BE54-9A1E7A4F7556}") = "MetricsManager", "WeatherAPI\MetricsManager.csproj", "{1999FEE9-B15E-4087-B969-4A38DD3771B5}"
EndProject
Project("{9A19103F-16F7-4668-BE54-9A1E7A4F7556}") = "MetricsManagerTests", "MetricsManagerTests\MetricsManagerTests.csproj", "{8601AFA3-EA79-4097-BE35-A030BD14585B}"
EndProject
Project("{9A19103F-16F7-4668-BE54-9A1E7A4F7556}") = "MetricsAgent", "MetricsAgent\MetricsAgent.csproj", "{DD2F1E2F-9177-4105-9C9F-895E34618AB5}"
EndProject
Project("{9A19103F-16F7-4668-BE54-9A1E7A4F7556}") = "MetricsAgentTests", "MetricsAgentTests\MetricsAgentTests.csproj", "{F9CF7FF8-FE62-41A3-9206-63E40B854779}"
EndProject
Project("{FAE04EC0-301F-11D3-BF4B-00C04F79EFBC}") = "MetricsInfrastucture", "MetricsInfrastucture\MetricsInfrastucture.csproj", "{89137767-93C1-4AAC-9AFE-DE8ECA60921E}"
EndProject
Global
	GlobalSection(SolutionConfigurationPlatforms) = preSolution
		Debug|Any CPU = Debug|Any CPU
		Release|Any CPU = Release|Any CPU
	EndGlobalSection
	GlobalSection(ProjectConfigurationPlatforms) = postSolution
		{1999FEE9-B15E-4087-B969-4A38DD3771B5}.Debug|Any CPU.ActiveCfg = Debug|Any CPU
		{1999FEE9-B15E-4087-B969-4A38DD3771B5}.Debug|Any CPU.Build.0 = Debug|Any CPU
		{1999FEE9-B15E-4087-B969-4A38DD3771B5}.Release|Any CPU.ActiveCfg = Release|Any CPU
		{1999FEE9-B15E-4087-B969-4A38DD3771B5}.Release|Any CPU.Build.0 = Release|Any CPU
		{8601AFA3-EA79-4097-BE35-A030BD14585B}.Debug|Any CPU.ActiveCfg = Debug|Any CPU
		{8601AFA3-EA79-4097-BE35-A030BD14585B}.Debug|Any CPU.Build.0 = Debug|Any CPU
		{8601AFA3-EA79-4097-BE35-A030BD14585B}.Release|Any CPU.ActiveCfg = Release|Any CPU
		{8601AFA3-EA79-4097-BE35-A030BD14585B}.Release|Any CPU.Build.0 = Release|Any CPU
		{DD2F1E2F-9177-4105-9C9F-895E34618AB5}.Debug|Any CPU.ActiveCfg = Debug|Any CPU
		{DD2F1E2F-9177-4105-9C9F-895E34618AB5}.Debug|Any CPU.Build.0 = Debug|Any CPU
		{DD2F1E2F-9177-4105-9C9F-895E34618AB5}.Release|Any CPU.ActiveCfg = Release|Any CPU
		{DD2F1E2F-9177-4105-9C9F-895E34618AB5}.Release|Any CPU.Build.0 = Release|Any CPU
		{F9CF7FF8-FE62-41A3-9206-63E40B854779}.Debug|Any CPU.ActiveCfg = Debug|Any CPU
		{F9CF7FF8-FE62-41A3-9206-63E40B854779}.Debug|Any CPU.Build.0 = Debug|Any CPU
		{F9CF7FF8-FE62-41A3-9206-63E40B854779}.Release|Any CPU.ActiveCfg = Release|Any CPU
		{F9CF7FF8-FE62-41A3-9206-63E40B854779}.Release|Any CPU.Build.0 = Release|Any CPU
		{89137767-93C1-4AAC-9AFE-DE8ECA60921E}.Debug|Any CPU.ActiveCfg = Debug|Any CPU
		{89137767-93C1-4AAC-9AFE-DE8ECA60921E}.Debug|Any CPU.Build.0 = Debug|Any CPU
		{89137767-93C1-4AAC-9AFE-DE8ECA60921E}.Release|Any CPU.ActiveCfg = Release|Any CPU
		{89137767-93C1-4AAC-9AFE-DE8ECA60921E}.Release|Any CPU.Build.0 = Release|Any CPU
	EndGlobalSection
	GlobalSection(SolutionProperties) = preSolution
		HideSolutionNode = FALSE
	EndGlobalSection
	GlobalSection(ExtensibilityGlobals) = postSolution
		SolutionGuid = {8E275110-6553-40FA-8B12-BC5CF3242375}
	EndGlobalSection
EndGlobal
